// !$*UTF8*$!
{
	archiveVersion = 1;
	classes = {
	};
	objectVersion = 51;
	objects = {

/* Begin PBXBuildFile section */
		3B13C4F7BBAE5578C4BD4AD0 /* Images.xcassets in Resources */ = {isa = PBXBuildFile; fileRef = 55FAE5370AADDABE43A1BEEB /* Images.xcassets */; };
		56998E29E6CE2FB46E11F45E /* libPods-MobilePlayground.a in Frameworks */ = {isa = PBXBuildFile; fileRef = 290E935303B31BABF7532B83 /* libPods-MobilePlayground.a */; };
		600A8A14489CBF2D6EDE9C5C /* dummy.swift in Sources */ = {isa = PBXBuildFile; fileRef = DE486B00E491326F2B5756B5 /* dummy.swift */; settings = {COMPILER_FLAGS = "-fstack-protector-all"; }; };
		6B2D00267F451703C5A6802D /* LaunchScreen.xib in Resources */ = {isa = PBXBuildFile; fileRef = 2D93720A60CF2749CBBFDCFA /* LaunchScreen.xib */; };
		6CF5868CF44EECC71CE038C0 /* AppDelegate.m in Sources */ = {isa = PBXBuildFile; fileRef = 059CCFE407F64E6169A2EF7F /* AppDelegate.m */; settings = {COMPILER_FLAGS = "-fstack-protector-all"; }; };
		9D335A2080B2B4269C143351 /* main.m in Sources */ = {isa = PBXBuildFile; fileRef = 3814F40C440DD270A45259C9 /* main.m */; settings = {COMPILER_FLAGS = "-fstack-protector-all"; }; };
		C389EA49F65C9493C155B8F4 /* Expo.plist in Resources */ = {isa = PBXBuildFile; fileRef = B331A1CEBB4A9401D6F70DF0 /* Expo.plist */; };
		C4BEEF66111A100224BBAB10 /* LaunchScreen.storyboard in Resources */ = {isa = PBXBuildFile; fileRef = 8DB5B8C0018A4B5342AFD3BE /* LaunchScreen.storyboard */; };
		D6ACAF61420E427BAA4EF8B0 /* CoinbaseDisplay-Medium.otf in Resources */ = {isa = PBXBuildFile; fileRef = CEE4EEEC71CC4F228414BA65 /* CoinbaseDisplay-Medium.otf */; };
		FC74A3F75C814BE5B263B9D9 /* CoinbaseDisplay-Regular.otf in Resources */ = {isa = PBXBuildFile; fileRef = 83935F62B9074BFD96912D31 /* CoinbaseDisplay-Regular.otf */; };
		B1DBF7414CC04FABAEEA4420 /* CoinbaseMono-Medium.otf in Resources */ = {isa = PBXBuildFile; fileRef = CB86A768DB0C41F3A0A2C90A /* CoinbaseMono-Medium.otf */; };
		1E46B7EFD3F04628821FAF93 /* CoinbaseMono-Regular.otf in Resources */ = {isa = PBXBuildFile; fileRef = EDCC2678A0BE43BB8EDADC3B /* CoinbaseMono-Regular.otf */; };
		B3F946D4F1F94A3F997683EE /* CoinbaseSans-Medium.otf in Resources */ = {isa = PBXBuildFile; fileRef = F33E2772416D4719B87ED2BA /* CoinbaseSans-Medium.otf */; };
		8BBC12EAD7C244F29D36F931 /* CoinbaseSans-Regular.otf in Resources */ = {isa = PBXBuildFile; fileRef = 8658566B4EA0476187063387 /* CoinbaseSans-Regular.otf */; };
		1E62457F6AAE4AE09E2F86B4 /* CoinbaseText-Medium.otf in Resources */ = {isa = PBXBuildFile; fileRef = 0CD754E43E784AF6A0032D46 /* CoinbaseText-Medium.otf */; };
		5F8D69757E024FADBFB950B2 /* CoinbaseText-Regular.otf in Resources */ = {isa = PBXBuildFile; fileRef = D09F8AEDADEE4F86994BBF1D /* CoinbaseText-Regular.otf */; };
		2FD3ACAD7CA644FE8D6DC219 /* CoinbaseIcons.ttf in Resources */ = {isa = PBXBuildFile; fileRef = 197CA2B9F1A34CD899B389D3 /* CoinbaseIcons.ttf */; };
/* End PBXBuildFile section */

/* Begin PBXFileReference section */
		059CCFE407F64E6169A2EF7F /* AppDelegate.m */ = {isa = PBXFileReference; lastKnownFileType = sourcecode.c.objc; path = AppDelegate.m; sourceTree = "<group>"; };
		290E935303B31BABF7532B83 /* libPods-MobilePlayground.a */ = {isa = PBXFileReference; explicitFileType = archive.ar; includeInIndex = 0; path = "libPods-MobilePlayground.a"; sourceTree = BUILT_PRODUCTS_DIR; };
		3814F40C440DD270A45259C9 /* main.m */ = {isa = PBXFileReference; lastKnownFileType = sourcecode.c.objc; path = main.m; sourceTree = "<group>"; };
		48814C9969E1AEFAF27857F6 /* Pods-MobilePlayground.debug.xcconfig */ = {isa = PBXFileReference; includeInIndex = 1; lastKnownFileType = text.xcconfig; name = "Pods-MobilePlayground.debug.xcconfig"; path = "Target Support Files/Pods-MobilePlayground/Pods-MobilePlayground.debug.xcconfig"; sourceTree = "<group>"; };
		55FAE5370AADDABE43A1BEEB /* Images.xcassets */ = {isa = PBXFileReference; lastKnownFileType = folder.assetcatalog; path = Images.xcassets; sourceTree = "<group>"; };
		8A348BEF0E069DB27E02B3BB /* Info.plist */ = {isa = PBXFileReference; lastKnownFileType = text.plist; path = Info.plist; sourceTree = "<group>"; };
		8DB5B8C0018A4B5342AFD3BE /* LaunchScreen.storyboard */ = {isa = PBXFileReference; lastKnownFileType = file.storyboard; path = LaunchScreen.storyboard; sourceTree = "<group>"; };
		9F45F740BDCF16D09E5CD89C /* MobilePlayground.app */ = {isa = PBXFileReference; includeInIndex = 0; lastKnownFileType = wrapper.application; path = MobilePlayground.app; sourceTree = BUILT_PRODUCTS_DIR; };
		B331A1CEBB4A9401D6F70DF0 /* Expo.plist */ = {isa = PBXFileReference; lastKnownFileType = text.plist; path = Expo.plist; sourceTree = "<group>"; };
		B8BB2A46E68931574FB81D2F /* Base */ = {isa = PBXFileReference; lastKnownFileType = file.xib; name = Base; path = Base.lproj/LaunchScreen.xib; sourceTree = "<group>"; };
		CF70D7B04CFD53B2417711AC /* AppDelegate.h */ = {isa = PBXFileReference; lastKnownFileType = sourcecode.c.h; path = AppDelegate.h; sourceTree = "<group>"; };
		DE486B00E491326F2B5756B5 /* dummy.swift */ = {isa = PBXFileReference; lastKnownFileType = sourcecode.swift; path = dummy.swift; sourceTree = "<group>"; };
		CEE4EEEC71CC4F228414BA65 /* CoinbaseDisplay-Medium.otf */ = {isa = PBXFileReference; name = "CoinbaseDisplay-Medium.otf"; path = "../../../packages/fonts/native/CoinbaseDisplay-Medium.otf"; sourceTree = "<group>"; fileEncoding = undefined; lastKnownFileType = unknown; explicitFileType = undefined; includeInIndex = 0; };
		83935F62B9074BFD96912D31 /* CoinbaseDisplay-Regular.otf */ = {isa = PBXFileReference; name = "CoinbaseDisplay-Regular.otf"; path = "../../../packages/fonts/native/CoinbaseDisplay-Regular.otf"; sourceTree = "<group>"; fileEncoding = undefined; lastKnownFileType = unknown; explicitFileType = undefined; includeInIndex = 0; };
		CB86A768DB0C41F3A0A2C90A /* CoinbaseMono-Medium.otf */ = {isa = PBXFileReference; name = "CoinbaseMono-Medium.otf"; path = "../../../packages/fonts/native/CoinbaseMono-Medium.otf"; sourceTree = "<group>"; fileEncoding = undefined; lastKnownFileType = unknown; explicitFileType = undefined; includeInIndex = 0; };
		EDCC2678A0BE43BB8EDADC3B /* CoinbaseMono-Regular.otf */ = {isa = PBXFileReference; name = "CoinbaseMono-Regular.otf"; path = "../../../packages/fonts/native/CoinbaseMono-Regular.otf"; sourceTree = "<group>"; fileEncoding = undefined; lastKnownFileType = unknown; explicitFileType = undefined; includeInIndex = 0; };
		F33E2772416D4719B87ED2BA /* CoinbaseSans-Medium.otf */ = {isa = PBXFileReference; name = "CoinbaseSans-Medium.otf"; path = "../../../packages/fonts/native/CoinbaseSans-Medium.otf"; sourceTree = "<group>"; fileEncoding = undefined; lastKnownFileType = unknown; explicitFileType = undefined; includeInIndex = 0; };
		8658566B4EA0476187063387 /* CoinbaseSans-Regular.otf */ = {isa = PBXFileReference; name = "CoinbaseSans-Regular.otf"; path = "../../../packages/fonts/native/CoinbaseSans-Regular.otf"; sourceTree = "<group>"; fileEncoding = undefined; lastKnownFileType = unknown; explicitFileType = undefined; includeInIndex = 0; };
		0CD754E43E784AF6A0032D46 /* CoinbaseText-Medium.otf */ = {isa = PBXFileReference; name = "CoinbaseText-Medium.otf"; path = "../../../packages/fonts/native/CoinbaseText-Medium.otf"; sourceTree = "<group>"; fileEncoding = undefined; lastKnownFileType = unknown; explicitFileType = undefined; includeInIndex = 0; };
		D09F8AEDADEE4F86994BBF1D /* CoinbaseText-Regular.otf */ = {isa = PBXFileReference; name = "CoinbaseText-Regular.otf"; path = "../../../packages/fonts/native/CoinbaseText-Regular.otf"; sourceTree = "<group>"; fileEncoding = undefined; lastKnownFileType = unknown; explicitFileType = undefined; includeInIndex = 0; };
		197CA2B9F1A34CD899B389D3 /* CoinbaseIcons.ttf */ = {isa = PBXFileReference; name = "CoinbaseIcons.ttf"; path = "../../../packages/mobile/icons/font/CoinbaseIcons.ttf"; sourceTree = "<group>"; fileEncoding = undefined; lastKnownFileType = unknown; explicitFileType = undefined; includeInIndex = 0; };
/* End PBXFileReference section */

/* Begin PBXFrameworksBuildPhase section */
		EF0B9138B2E70006245B763C /* Frameworks */ = {
			isa = PBXFrameworksBuildPhase;
			buildActionMask = 2147483647;
			files = (
				56998E29E6CE2FB46E11F45E /* libPods-MobilePlayground.a in Frameworks */,
			);
			runOnlyForDeploymentPostprocessing = 0;
		};
/* End PBXFrameworksBuildPhase section */

/* Begin PBXGroup section */
		1A0434228FED217969DE01DA /* MobilePlayground */ = {
			isa = PBXGroup;
			children = (
				CF70D7B04CFD53B2417711AC /* AppDelegate.h */,
				059CCFE407F64E6169A2EF7F /* AppDelegate.m */,
				DE486B00E491326F2B5756B5 /* dummy.swift */,
				55FAE5370AADDABE43A1BEEB /* Images.xcassets */,
				8A348BEF0E069DB27E02B3BB /* Info.plist */,
				8DB5B8C0018A4B5342AFD3BE /* LaunchScreen.storyboard */,
				2D93720A60CF2749CBBFDCFA /* LaunchScreen.xib */,
				3814F40C440DD270A45259C9 /* main.m */,
				860744C7804E4A6ABA70218F /* Supporting */,
			);
			path = MobilePlayground;
			sourceTree = "<group>";
		};
		350C0B014D98A2BCC58496FC = {
			isa = PBXGroup;
			children = (
				1A0434228FED217969DE01DA /* MobilePlayground */,
				F2B0EF1B3F5688EA79F868F6 /* Products */,
				DC318A6B780323E5D4CDA58D /* Pods */,
				C83FA2EECE11AFCB7B1395EA /* Frameworks */,
				3ADAB0194E48474A99020075 /* Resources */,
			);
			sourceTree = "<group>";
		};
		860744C7804E4A6ABA70218F /* Supporting */ = {
			isa = PBXGroup;
			children = (
				B331A1CEBB4A9401D6F70DF0 /* Expo.plist */,
			);
			path = Supporting;
			sourceTree = "<group>";
		};
		C83FA2EECE11AFCB7B1395EA /* Frameworks */ = {
			isa = PBXGroup;
			children = (
				290E935303B31BABF7532B83 /* libPods-MobilePlayground.a */,
			);
			name = Frameworks;
			sourceTree = "<group>";
		};
		DC318A6B780323E5D4CDA58D /* Pods */ = {
			isa = PBXGroup;
			children = (
				48814C9969E1AEFAF27857F6 /* Pods-MobilePlayground.debug.xcconfig */,
			);
			name = Pods;
			path = Pods;
			sourceTree = "<group>";
		};
		F2B0EF1B3F5688EA79F868F6 /* Products */ = {
			isa = PBXGroup;
			children = (
				9F45F740BDCF16D09E5CD89C /* MobilePlayground.app */,
			);
			name = Products;
			sourceTree = "<group>";
		};
		3ADAB0194E48474A99020075 /* Resources */ = {
			isa = "PBXGroup";
			children = (
				CEE4EEEC71CC4F228414BA65 /* CoinbaseDisplay-Medium.otf */,
				83935F62B9074BFD96912D31 /* CoinbaseDisplay-Regular.otf */,
				CB86A768DB0C41F3A0A2C90A /* CoinbaseMono-Medium.otf */,
				EDCC2678A0BE43BB8EDADC3B /* CoinbaseMono-Regular.otf */,
				F33E2772416D4719B87ED2BA /* CoinbaseSans-Medium.otf */,
				8658566B4EA0476187063387 /* CoinbaseSans-Regular.otf */,
				0CD754E43E784AF6A0032D46 /* CoinbaseText-Medium.otf */,
				D09F8AEDADEE4F86994BBF1D /* CoinbaseText-Regular.otf */,
				197CA2B9F1A34CD899B389D3 /* CoinbaseIcons.ttf */,
			);
			name = Resources;
			sourceTree = "<group>";
			path = "";
		};
/* End PBXGroup section */

/* Begin PBXNativeTarget section */
		B4D3AA1F50F908677D586798 /* MobilePlayground */ = {
			isa = PBXNativeTarget;
			buildConfigurationList = 4EA23218344FB97C4CB61C5C /* Build configuration list for PBXNativeTarget "MobilePlayground" */;
			buildPhases = (
				EDB4D9A7521D95BCCA216E14 /* [CP] Check Pods Manifest.lock */,
				2272E9D10ED4BF677F98B9A5 /* Sources */,
				C43E27A04669DC34A571F075 /* Resources */,
				EF0B9138B2E70006245B763C /* Frameworks */,
				952CFA05BCEF7E7308F48712 /* [CP] Embed Pods Frameworks */,
				DD4A6BE9100FD8DF4C8DDB01 /* [CP] Copy Pods Resources */,
			);
			buildRules = (
			);
			dependencies = (
			);
			name = MobilePlayground;
			productName = MobilePlayground;
			productReference = 9F45F740BDCF16D09E5CD89C /* MobilePlayground.app */;
			productType = "com.apple.product-type.application";
		};
/* End PBXNativeTarget section */

/* Begin PBXProject section */
		B7DC7E98587D047B727C6FF8 /* Project object */ = {
			isa = PBXProject;
			attributes = {
				LastUpgradeCheck = 1200;
				TargetAttributes = {
					B4D3AA1F50F908677D586798 = {
						ProvisioningStyle = Manual;
					};
				};
			};
			buildConfigurationList = B24F0E788D7E9BD5C719ADE5 /* Build configuration list for PBXProject "MobilePlayground" */;
			compatibilityVersion = "Xcode 10.0";
			developmentRegion = en;
			hasScannedForEncodings = 0;
			knownRegions = (
				Base,
				en,
			);
			mainGroup = 350C0B014D98A2BCC58496FC;
			productRefGroup = F2B0EF1B3F5688EA79F868F6 /* Products */;
			projectDirPath = "";
			projectRoot = "";
			targets = (
				B4D3AA1F50F908677D586798 /* MobilePlayground */,
			);
		};
/* End PBXProject section */

/* Begin PBXResourcesBuildPhase section */
		C43E27A04669DC34A571F075 /* Resources */ = {
			isa = PBXResourcesBuildPhase;
			buildActionMask = 2147483647;
			files = (
				C389EA49F65C9493C155B8F4 /* Expo.plist in Resources */,
				3B13C4F7BBAE5578C4BD4AD0 /* Images.xcassets in Resources */,
				C4BEEF66111A100224BBAB10 /* LaunchScreen.storyboard in Resources */,
				6B2D00267F451703C5A6802D /* LaunchScreen.xib in Resources */,
				D6ACAF61420E427BAA4EF8B0 /* CoinbaseDisplay-Medium.otf in Resources */,
				FC74A3F75C814BE5B263B9D9 /* CoinbaseDisplay-Regular.otf in Resources */,
				B1DBF7414CC04FABAEEA4420 /* CoinbaseMono-Medium.otf in Resources */,
				1E46B7EFD3F04628821FAF93 /* CoinbaseMono-Regular.otf in Resources */,
				B3F946D4F1F94A3F997683EE /* CoinbaseSans-Medium.otf in Resources */,
				8BBC12EAD7C244F29D36F931 /* CoinbaseSans-Regular.otf in Resources */,
				1E62457F6AAE4AE09E2F86B4 /* CoinbaseText-Medium.otf in Resources */,
				5F8D69757E024FADBFB950B2 /* CoinbaseText-Regular.otf in Resources */,
				2FD3ACAD7CA644FE8D6DC219 /* CoinbaseIcons.ttf in Resources */,
			);
			runOnlyForDeploymentPostprocessing = 0;
		};
/* End PBXResourcesBuildPhase section */

/* Begin PBXShellScriptBuildPhase section */
		952CFA05BCEF7E7308F48712 /* [CP] Embed Pods Frameworks */ = {
			isa = PBXShellScriptBuildPhase;
			buildActionMask = 2147483647;
			files = (
			);
			inputFileListPaths = (
				"${PODS_ROOT}/Target Support Files/Pods-MobilePlayground/Pods-MobilePlayground-frameworks-${CONFIGURATION}-input-files.xcfilelist",
			);
			name = "[CP] Embed Pods Frameworks";
			outputFileListPaths = (
				"${PODS_ROOT}/Target Support Files/Pods-MobilePlayground/Pods-MobilePlayground-frameworks-${CONFIGURATION}-output-files.xcfilelist",
			);
			runOnlyForDeploymentPostprocessing = 0;
			shellPath = /bin/sh;
			shellScript = "\"${PODS_ROOT}/Target Support Files/Pods-MobilePlayground/Pods-MobilePlayground-frameworks.sh\"\n";
			showEnvVarsInLog = 0;
		};
		DD4A6BE9100FD8DF4C8DDB01 /* [CP] Copy Pods Resources */ = {
			isa = PBXShellScriptBuildPhase;
			buildActionMask = 2147483647;
			files = (
			);
			inputFileListPaths = (
				"${PODS_ROOT}/Target Support Files/Pods-MobilePlayground/Pods-MobilePlayground-resources-${CONFIGURATION}-input-files.xcfilelist",
			);
			name = "[CP] Copy Pods Resources";
			outputFileListPaths = (
				"${PODS_ROOT}/Target Support Files/Pods-MobilePlayground/Pods-MobilePlayground-resources-${CONFIGURATION}-output-files.xcfilelist",
			);
			runOnlyForDeploymentPostprocessing = 0;
			shellPath = /bin/sh;
			shellScript = "\"${PODS_ROOT}/Target Support Files/Pods-MobilePlayground/Pods-MobilePlayground-resources.sh\"\n";
			showEnvVarsInLog = 0;
		};
		EDB4D9A7521D95BCCA216E14 /* [CP] Check Pods Manifest.lock */ = {
			isa = PBXShellScriptBuildPhase;
			buildActionMask = 2147483647;
			files = (
			);
			inputFileListPaths = (
			);
			inputPaths = (
				"${PODS_PODFILE_DIR_PATH}/Podfile.lock",
				"${PODS_ROOT}/Manifest.lock",
			);
			name = "[CP] Check Pods Manifest.lock";
			outputFileListPaths = (
			);
			outputPaths = (
				"$(DERIVED_FILE_DIR)/Pods-MobilePlayground-checkManifestLockResult.txt",
			);
			runOnlyForDeploymentPostprocessing = 0;
			shellPath = /bin/sh;
			shellScript = "diff \"${PODS_PODFILE_DIR_PATH}/Podfile.lock\" \"${PODS_ROOT}/Manifest.lock\" > /dev/null\nif [ $? != 0 ] ; then\n    # print error to STDERR\n    echo \"error: The sandbox is not in sync with the Podfile.lock. Run 'pod install' or update your CocoaPods installation.\" >&2\n    exit 1\nfi\n# This output is used by Xcode 'outputs' to avoid re-running this script phase.\necho \"SUCCESS\" > \"${SCRIPT_OUTPUT_FILE_0}\"\n";
			showEnvVarsInLog = 0;
		};
/* End PBXShellScriptBuildPhase section */

/* Begin PBXSourcesBuildPhase section */
		2272E9D10ED4BF677F98B9A5 /* Sources */ = {
			isa = PBXSourcesBuildPhase;
			buildActionMask = 2147483647;
			files = (
				6CF5868CF44EECC71CE038C0 /* AppDelegate.m in Sources */,
				600A8A14489CBF2D6EDE9C5C /* dummy.swift in Sources */,
				9D335A2080B2B4269C143351 /* main.m in Sources */,
			);
			runOnlyForDeploymentPostprocessing = 0;
		};
/* End PBXSourcesBuildPhase section */

/* Begin PBXVariantGroup section */
		2D93720A60CF2749CBBFDCFA /* LaunchScreen.xib */ = {
			isa = PBXVariantGroup;
			children = (
				B8BB2A46E68931574FB81D2F /* Base */,
			);
			name = LaunchScreen.xib;
			sourceTree = "<group>";
		};
/* End PBXVariantGroup section */

/* Begin XCBuildConfiguration section */
		0B590AA05A69C89E21BD1F49 /* Debug */ = {
			isa = XCBuildConfiguration;
			buildSettings = {
				ALWAYS_SEARCH_USER_PATHS = NO;
				CLANG_ANALYZER_NONNULL = YES;
				CLANG_ANALYZER_NUMBER_OBJECT_CONVERSION = YES_AGGRESSIVE;
				CLANG_CXX_LANGUAGE_STANDARD = "gnu++14";
				CLANG_CXX_LIBRARY = "libc++";
				CLANG_ENABLE_MODULES = YES;
				CLANG_ENABLE_OBJC_ARC = YES;
				CLANG_ENABLE_OBJC_WEAK = YES;
				CLANG_WARN_BLOCK_CAPTURE_AUTORELEASING = YES;
				CLANG_WARN_BOOL_CONVERSION = YES;
				CLANG_WARN_COMMA = YES;
				CLANG_WARN_CONSTANT_CONVERSION = YES;
				CLANG_WARN_DEPRECATED_OBJC_IMPLEMENTATIONS = YES;
				CLANG_WARN_DIRECT_OBJC_ISA_USAGE = YES_ERROR;
				CLANG_WARN_DOCUMENTATION_COMMENTS = YES;
				CLANG_WARN_EMPTY_BODY = YES;
				CLANG_WARN_ENUM_CONVERSION = YES;
				CLANG_WARN_INFINITE_RECURSION = YES;
				CLANG_WARN_INT_CONVERSION = YES;
				CLANG_WARN_NON_LITERAL_NULL_CONVERSION = YES;
				CLANG_WARN_OBJC_IMPLICIT_RETAIN_SELF = YES;
				CLANG_WARN_OBJC_LITERAL_CONVERSION = YES;
				CLANG_WARN_OBJC_ROOT_CLASS = YES_ERROR;
				CLANG_WARN_QUOTED_INCLUDE_IN_FRAMEWORK_HEADER = YES;
				CLANG_WARN_RANGE_LOOP_ANALYSIS = YES;
				CLANG_WARN_STRICT_PROTOTYPES = YES;
				CLANG_WARN_SUSPICIOUS_MOVE = YES;
				CLANG_WARN_UNGUARDED_AVAILABILITY = YES_AGGRESSIVE;
				CLANG_WARN_UNREACHABLE_CODE = YES;
				CLANG_WARN__DUPLICATE_METHOD_MATCH = YES;
				COPY_PHASE_STRIP = NO;
				DEBUG_INFORMATION_FORMAT = dwarf;
				ENABLE_STRICT_OBJC_MSGSEND = YES;
				ENABLE_TESTABILITY = YES;
				"EXCLUDED_ARCHS[sdk=iphonesimulator*]" = "arm64 ";
				GCC_C_LANGUAGE_STANDARD = gnu11;
				GCC_DYNAMIC_NO_PIC = NO;
				GCC_NO_COMMON_BLOCKS = YES;
				GCC_OPTIMIZATION_LEVEL = 0;
				GCC_PREPROCESSOR_DEFINITIONS = (
					"$(inherited)",
					"DEBUG=1",
				);
				GCC_WARN_64_TO_32_BIT_CONVERSION = YES;
				GCC_WARN_ABOUT_RETURN_TYPE = YES_ERROR;
				GCC_WARN_UNDECLARED_SELECTOR = YES;
				GCC_WARN_UNINITIALIZED_AUTOS = YES_AGGRESSIVE;
				GCC_WARN_UNUSED_FUNCTION = YES;
				GCC_WARN_UNUSED_VARIABLE = YES;
				MTL_ENABLE_DEBUG_INFO = INCLUDE_SOURCE;
				MTL_FAST_MATH = YES;
				ONLY_ACTIVE_ARCH = YES;
				PRODUCT_NAME = "$(TARGET_NAME)";
				SDKROOT = iphoneos;
				SWIFT_ACTIVE_COMPILATION_CONDITIONS = DEBUG;
				SWIFT_OPTIMIZATION_LEVEL = "-Onone";
				SWIFT_VERSION = 5.0;
			};
			name = Debug;
		};
		1A157E5958B758EDD761E876 /* Debug */ = {
			isa = XCBuildConfiguration;
			baseConfigurationReference = 48814C9969E1AEFAF27857F6 /* Pods-MobilePlayground.debug.xcconfig */;
			buildSettings = {
				APP_DISPLAY_NAME = MobilePlayground;
				APP_VERSION = 1.0.0;
				ASSETCATALOG_COMPILER_APPICON_NAME = AppIcon;
				BUILD_NUMBER = 1;
				CLANG_ENABLE_OBJC_ARC = YES;
				CODE_SIGN_IDENTITY = "iPhone Developer";
				CODE_SIGN_STYLE = Manual;
				CURRENT_PROJECT_VERSION = 1;
				DEBUG = YES;
				ENABLE_BITCODE = NO;
				"EXCLUDED_ARCHS[sdk=iphonesimulator*]" = arm64;
				INFOPLIST_FILE = MobilePlayground/Info.plist;
				IPHONEOS_DEPLOYMENT_TARGET = 11.0;
				LD_RUNPATH_SEARCH_PATHS = (
					"$(inherited)",
					"@executable_path/Frameworks",
				);
				PRODUCT_BUNDLE_IDENTIFIER = com.coinbase.mobileplayground;
				PRODUCT_NAME = MobilePlayground;
				SDKROOT = iphoneos;
				SWIFT_VERSION = 5.0;
				TARGETED_DEVICE_FAMILY = 1;
			};
			name = Debug;
		};
/* End XCBuildConfiguration section */

/* Begin XCConfigurationList section */
		4EA23218344FB97C4CB61C5C /* Build configuration list for PBXNativeTarget "MobilePlayground" */ = {
			isa = XCConfigurationList;
			buildConfigurations = (
				1A157E5958B758EDD761E876 /* Debug */,
			);
			defaultConfigurationIsVisible = 0;
			defaultConfigurationName = Debug;
		};
		B24F0E788D7E9BD5C719ADE5 /* Build configuration list for PBXProject "MobilePlayground" */ = {
			isa = XCConfigurationList;
			buildConfigurations = (
				0B590AA05A69C89E21BD1F49 /* Debug */,
			);
			defaultConfigurationIsVisible = 0;
			defaultConfigurationName = Debug;
		};
/* End XCConfigurationList section */
	};
	rootObject = B7DC7E98587D047B727C6FF8 /* Project object */;
}
