# This file is generated by running "yarn install" inside your project.
# Manual changes might be lost - proceed with caution!

__metadata:
  version: 5
  cacheKey: 8

"@cbhq/cds-common@npm:^0.39.0-alpha.0":
  version: 0.39.0-alpha.0
  resolution: "@cbhq/cds-common@npm:0.39.0-alpha.0"
  dependencies:
    "@cbhq/cds-utils": ^0.4.0-alpha.0
    d3-array: ^2.3.3
    d3-color: ^2.0.0
    d3-scale: ^3.3.0
    d3-shape: ^2.1.0
    lodash: ^4.17.21
    react-is: ^17.0.2
    type-fest: ^1.2.0
  peerDependencies:
    react: ">=17.0.0"
    react-dom: ">=17.0.0"
  checksum: 5fa5a296205c7b8ac43d3cb159c3b81cd08b2eab08964e24ab8823383cd54e0ba73f43b642b5736915688e10bd971a0fd8074cbf1debeecd437acdf068fae216
  languageName: node
  linkType: hard

"@cbhq/cds-fonts@npm:^0.6.0-alpha.0":
  version: 0.6.0-alpha.0
  resolution: "@cbhq/cds-fonts@npm:0.6.0-alpha.0"
  checksum: 748e38e9613bb17c191942b4e459dda30cd4c303c5980354eefc3fca4f19306fbd40b84a0f1a37128cd6b086819a4102eaf1e7f0919f147c280253f00a957547
  languageName: node
  linkType: hard

"@cbhq/cds-lottie-files@npm:^0.3.0-alpha.0":
  version: 0.3.0-alpha.0
  resolution: "@cbhq/cds-lottie-files@npm:0.3.0-alpha.0"
  checksum: 876d92cc85269e91a97434b1df4e47fad3ad5e9b2a8d04fa29504e2d64920b50e12e36070bb4bbc5d6fd1268060ed11d0711d6657e40a9f40dbad4878dc2c627
  languageName: node
  linkType: hard

"@cbhq/cds-utils@npm:^0.4.0-alpha.0":
  version: 0.4.0-alpha.0
  resolution: "@cbhq/cds-utils@npm:0.4.0-alpha.0"
  dependencies:
    humps: ^2.0.1
    type-fest: ^1.2.0
  checksum: ef023cd47dd71d691f026393b0ddccea185db44862347f8a0a0993287b3c98e104e6cebb022288e069b32c478f73c4073435aa291ab4e87acd8603613df7c08f
  languageName: node
  linkType: hard

"@cbhq/cds-web@npm:^0.41.0-alpha.0":
  version: 0.41.0-alpha.0
  resolution: "@cbhq/cds-web@npm:0.41.0-alpha.0"
  dependencies:
    "@cbhq/cds-common": ^0.39.0-alpha.0
    "@cbhq/cds-fonts": ^0.6.0-alpha.0
    "@cbhq/cds-lottie-files": ^0.3.0-alpha.0
    "@cbhq/cds-utils": ^0.4.0-alpha.0
    "@popperjs/core": ^2.9.0
    d3-interpolate-path: ^2.2.2
    d3-selection: ^1.4.2
    d3-transition: ^1.3.2
    focus-visible: ^5.2.0
    framer-motion: ^6.2.8
    lodash: ^4.17.21
    lottie-web: ^5.7.6
    react-popper: ^2.2.4
    reakit: ^1.3.6
  peerDependencies:
    react: ">=17.0.0"
    react-dom: ">=17.0.0"
  checksum: 7ed31d7273387aaaeab63f34341844e82a419c5f7df7822bdfdeca59f2f2c67f5f1e8788f1dbfe96630f7905d358e7063bc666df8b0a2c99d172bd9d20618313
  languageName: node
  linkType: hard

"@emotion/is-prop-valid@npm:^0.8.2":
  version: 0.8.8
  resolution: "@emotion/is-prop-valid@npm:0.8.8"
  dependencies:
    "@emotion/memoize": 0.7.4
  checksum: bb7ec6d48c572c540e24e47cc94fc2f8dec2d6a342ae97bc9c8b6388d9b8d283862672172a1bb62d335c02662afe6291e10c71e9b8642664a8b43416cdceffac
  languageName: node
  linkType: hard

"@emotion/memoize@npm:0.7.4":
  version: 0.7.4
  resolution: "@emotion/memoize@npm:0.7.4"
  checksum: 4e3920d4ec95995657a37beb43d3f4b7d89fed6caa2b173a4c04d10482d089d5c3ea50bbc96618d918b020f26ed6e9c4026bbd45433566576c1f7b056c3271dc
  languageName: node
  linkType: hard

"@next/env@npm:12.1.4":
  version: 12.1.4
  resolution: "@next/env@npm:12.1.4"
  checksum: ff18e94d3b539b6fb0b5dd2c9b642e13e5efd68b886e5fc947330af10be68adb5a1a415777eec34273a7ed1ab51ab7482659aa8b33bd3d932269243d3d6eefad
  languageName: node
  linkType: hard

"@next/swc-android-arm-eabi@npm:12.1.4":
  version: 12.1.4
  resolution: "@next/swc-android-arm-eabi@npm:12.1.4"
  conditions: os=android & cpu=arm
  languageName: node
  linkType: hard

"@next/swc-android-arm64@npm:12.1.4":
  version: 12.1.4
  resolution: "@next/swc-android-arm64@npm:12.1.4"
  conditions: os=android & cpu=arm64
  languageName: node
  linkType: hard

"@next/swc-darwin-arm64@npm:12.1.4":
  version: 12.1.4
  resolution: "@next/swc-darwin-arm64@npm:12.1.4"
  conditions: os=darwin & cpu=arm64
  languageName: node
  linkType: hard

"@next/swc-darwin-x64@npm:12.1.4":
  version: 12.1.4
  resolution: "@next/swc-darwin-x64@npm:12.1.4"
  conditions: os=darwin & cpu=x64
  languageName: node
  linkType: hard

"@next/swc-linux-arm-gnueabihf@npm:12.1.4":
  version: 12.1.4
  resolution: "@next/swc-linux-arm-gnueabihf@npm:12.1.4"
  conditions: os=linux & cpu=arm
  languageName: node
  linkType: hard

"@next/swc-linux-arm64-gnu@npm:12.1.4":
  version: 12.1.4
  resolution: "@next/swc-linux-arm64-gnu@npm:12.1.4"
  conditions: os=linux & cpu=arm64
  languageName: node
  linkType: hard

"@next/swc-linux-arm64-musl@npm:12.1.4":
  version: 12.1.4
  resolution: "@next/swc-linux-arm64-musl@npm:12.1.4"
  conditions: os=linux & cpu=arm64
  languageName: node
  linkType: hard

"@next/swc-linux-x64-gnu@npm:12.1.4":
  version: 12.1.4
  resolution: "@next/swc-linux-x64-gnu@npm:12.1.4"
  conditions: os=linux & cpu=x64
  languageName: node
  linkType: hard

"@next/swc-linux-x64-musl@npm:12.1.4":
  version: 12.1.4
  resolution: "@next/swc-linux-x64-musl@npm:12.1.4"
  conditions: os=linux & cpu=x64
  languageName: node
  linkType: hard

"@next/swc-win32-arm64-msvc@npm:12.1.4":
  version: 12.1.4
  resolution: "@next/swc-win32-arm64-msvc@npm:12.1.4"
  conditions: os=win32 & cpu=arm64
  languageName: node
  linkType: hard

"@next/swc-win32-ia32-msvc@npm:12.1.4":
  version: 12.1.4
  resolution: "@next/swc-win32-ia32-msvc@npm:12.1.4"
  conditions: os=win32 & cpu=ia32
  languageName: node
  linkType: hard

"@next/swc-win32-x64-msvc@npm:12.1.4":
  version: 12.1.4
  resolution: "@next/swc-win32-x64-msvc@npm:12.1.4"
  conditions: os=win32 & cpu=x64
  languageName: node
  linkType: hard

"@popperjs/core@npm:^2.5.4, @popperjs/core@npm:^2.9.0":
  version: 2.11.5
  resolution: "@popperjs/core@npm:2.11.5"
  checksum: fd7f9dca3fb716d7426332b6ee283f88d2724c0ab342fb678865a640bad403dfb9eeebd8204a406986162f7e2b33394f104320008b74d0e9066d7322f70ea35d
  languageName: node
  linkType: hard

"body-scroll-lock@npm:^3.1.5":
  version: 3.1.5
  resolution: "body-scroll-lock@npm:3.1.5"
  checksum: 52c25b81d6e7a87cfbdd7870363c3e20a439dbc76535b735916e2df907abbce95c0da0d2c7a2cfe88f49775d53bbc4bd09445ffda2d61b999efa3f0b1dedfc5e
  languageName: node
  linkType: hard

"caniuse-lite@npm:^1.0.30001283":
  version: 1.0.30001328
  resolution: "caniuse-lite@npm:1.0.30001328"
  checksum: 0383ae8986b69a856d440fe0a9b915510f5f4dbca53663cc7f4a949c2f150d4dd94a55db9255083009fa57287b5bb426f64991ec61e4e2d6e490984dd689d64f
  languageName: node
  linkType: hard

"d3-array@npm:2, d3-array@npm:^2.3.0, d3-array@npm:^2.3.3":
  version: 2.12.1
  resolution: "d3-array@npm:2.12.1"
  dependencies:
    internmap: ^1.0.0
  checksum: 97853b7b523aded17078f37c67742f45d81e88dda2107ae9994c31b9e36c5fa5556c4c4cf39650436f247813602dfe31bf7ad067ff80f127a16903827f10c6eb
  languageName: node
  linkType: hard

"d3-color@npm:1":
  version: 1.4.1
  resolution: "d3-color@npm:1.4.1"
  checksum: a214b61458b5fcb7ad1a84faed0e02918037bab6be37f2d437bf0e2915cbd854d89fbf93754f17b0781c89e39d46704633d05a2bfae77e6209f0f4b140f9894b
  languageName: node
  linkType: hard

"d3-color@npm:1 - 2, d3-color@npm:^2.0.0":
  version: 2.0.0
  resolution: "d3-color@npm:2.0.0"
  checksum: b887354aa383937abd04fbffed3e26e5d6a788472cd3737fb10735930e427763e69fe93398663bccf88c0b53ee3e638ac6fcf0c02226b00ed9e4327c2dfbf3dc
  languageName: node
  linkType: hard

"d3-dispatch@npm:1":
  version: 1.0.6
  resolution: "d3-dispatch@npm:1.0.6"
  checksum: b4ecb016b6dda8b99aa4263b2d0a0c7b12e7dea93e4b0ce3013c94dca4d360d9ba00f5bdc15dc944cc4543af8e341067bd628f061f7b8deb642257e2ac90d06c
  languageName: node
  linkType: hard

"d3-ease@npm:1":
  version: 1.0.7
  resolution: "d3-ease@npm:1.0.7"
  checksum: 117811d51dfc4a126e8d23d249252df792fbbe30a93615e1d67158c482eff69b900e45a4cc92746fe65b1143287455406a89aae04eb4ca1ba5b1dc2a42af5b85
  languageName: node
  linkType: hard

"d3-format@npm:1 - 2":
  version: 2.0.0
  resolution: "d3-format@npm:2.0.0"
  checksum: c4d3c8f9941d097d514d3986f54f21434e08e5876dc08d1d65226447e8e167600d5b9210235bb03fd45327225f04f32d6e365f08f76d2f4b8bff81594851aaf7
  languageName: node
  linkType: hard

"d3-interpolate-path@npm:^2.2.2":
  version: 2.2.3
  resolution: "d3-interpolate-path@npm:2.2.3"
  checksum: 1dc53c9b97589689ad4fc793a465c2b8adea7e0ddff7b12cbc0bda4a8a365648d7ce0701282ffd9c61786a167ed21feb275a0bb1cb8ccc29e44239645f2f816d
  languageName: node
  linkType: hard

"d3-interpolate@npm:1":
  version: 1.4.0
  resolution: "d3-interpolate@npm:1.4.0"
  dependencies:
    d3-color: 1
  checksum: d98988bd1e2f59d01f100d0a19315ad8f82ef022aa09a65aff76f747a44f9b52f2d64c6578b8f47e01f2b14a8f0ef88f5460d11173c0dd2d58238c217ac0ec03
  languageName: node
  linkType: hard

"d3-interpolate@npm:1.2.0 - 2":
  version: 2.0.1
  resolution: "d3-interpolate@npm:2.0.1"
  dependencies:
    d3-color: 1 - 2
  checksum: 4a2018ac34fbcc3e0e7241e117087ca1b2274b8b33673913658623efacc5db013b8d876586d167b23e3145bdb34ec8e441d301299b082e1a90985b2f18d4299c
  languageName: node
  linkType: hard

"d3-path@npm:1 - 2":
  version: 2.0.0
  resolution: "d3-path@npm:2.0.0"
  checksum: e39e91dfb9abf9637962caede1f4ea4877f4b9e1c914868bdfc355688e9a637ba51bed0fb6180934eb596e50a4d0d1f001b5f2e98a4a3d23cc42558acfbd1f2c
  languageName: node
  linkType: hard

"d3-scale@npm:^3.3.0":
  version: 3.3.0
  resolution: "d3-scale@npm:3.3.0"
  dependencies:
    d3-array: ^2.3.0
    d3-format: 1 - 2
    d3-interpolate: 1.2.0 - 2
    d3-time: ^2.1.1
    d3-time-format: 2 - 3
  checksum: f77e73f0fb422292211d0687914c30d26e29011a936ad2a535a868ae92f306c3545af1fe7ea5db1b3e67dbce7a6c6cd952e53d02d1d557543e7e5d30e30e52f2
  languageName: node
  linkType: hard

"d3-selection@npm:^1.1.0, d3-selection@npm:^1.4.2":
  version: 1.4.2
  resolution: "d3-selection@npm:1.4.2"
  checksum: 2484b392259b087a98f546f2610e6a11c90f38dae6b6b20a3fc85171038fcab4c72e702788b1960a4fece88bed2e36f268096358b5b48d3c7f0d35cfbe305da6
  languageName: node
  linkType: hard

"d3-shape@npm:^2.1.0":
  version: 2.1.0
  resolution: "d3-shape@npm:2.1.0"
  dependencies:
    d3-path: 1 - 2
  checksum: 4a82a83fbb15aadee3eb6661226a34bcd793cdbcd7aa5bf980a4724efc93eb94acc6c499f0ebedc9c3144c57c0f033867d137f41e86459acbd5d7181cb27b49c
  languageName: node
  linkType: hard

"d3-time-format@npm:2 - 3":
  version: 3.0.0
  resolution: "d3-time-format@npm:3.0.0"
  dependencies:
    d3-time: 1 - 2
  checksum: c20c1667dbea653f81d923e741f84c23e4b966002ba0d6ed94cbc70692105566e55e89d18d175404534a879383fd1123300bd12885a3c924fe924032bb0060db
  languageName: node
  linkType: hard

"d3-time@npm:1 - 2, d3-time@npm:^2.1.1":
  version: 2.1.1
  resolution: "d3-time@npm:2.1.1"
  dependencies:
    d3-array: 2
  checksum: d1c7b9658c20646e46c3dd19e11c38e02dec098e8baa7d2cd868af8eb01953668f5da499fa33dc63541cf74a26e788786f8828c4381dbbf475a76b95972979a6
  languageName: node
  linkType: hard

"d3-timer@npm:1":
  version: 1.0.10
  resolution: "d3-timer@npm:1.0.10"
  checksum: f7040953672deb2dfa03830ace80dbbcb212f80890218eba15dcca6f33f74102d943023ccc2a563295195cd8c63639bb2410ef1691c8fecff4a114fdf5c666f4
  languageName: node
  linkType: hard

"d3-transition@npm:^1.3.2":
  version: 1.3.2
  resolution: "d3-transition@npm:1.3.2"
  dependencies:
    d3-color: 1
    d3-dispatch: 1
    d3-ease: 1
    d3-interpolate: 1
    d3-selection: ^1.1.0
    d3-timer: 1
  checksum: 1b4a0cfa7aeb4033ab20e26a310488cfac989de44c6c2bf10e9f0808af915a33add6dca23fbafcefe8c08613fd0d6a933e48b4de24c0779163c2852a1c7c16f4
  languageName: node
  linkType: hard

"enhanced-resolve@npm:^5.7.0":
  version: 5.9.2
  resolution: "enhanced-resolve@npm:5.9.2"
  dependencies:
    graceful-fs: ^4.2.4
    tapable: ^2.2.0
  checksum: 792b7a01abb4ee4433b658c71f92d5948675938e0c03cad1732abe843b87395f15cb880ace4f819f78ead94163278283afc79b8be63c0eddca8ab45f7d8c515d
  languageName: node
  linkType: hard

"escalade@npm:^3.1.1":
  version: 3.1.1
  resolution: "escalade@npm:3.1.1"
  checksum: a3e2a99f07acb74b3ad4989c48ca0c3140f69f923e56d0cba0526240ee470b91010f9d39001f2a4a313841d237ede70a729e92125191ba5d21e74b106800b133
  languageName: node
  linkType: hard

"focus-visible@npm:^5.2.0":
  version: 5.2.0
  resolution: "focus-visible@npm:5.2.0"
  checksum: 876f646ef453680d3d34e9f9b23961527ffd5ccaed8690f423d4fbfa37ff023d98a490972bc1387850e37ec2e44958c81f6096ef95b67462e5c4b5404cf1dbb9
  languageName: node
  linkType: hard

"framer-motion@npm:^6.2.8":
  version: 6.2.9
  resolution: "framer-motion@npm:6.2.9"
  dependencies:
    "@emotion/is-prop-valid": ^0.8.2
    framesync: 6.0.1
    hey-listen: ^1.0.8
    popmotion: 11.0.3
    style-value-types: 5.0.0
    tslib: ^2.1.0
  peerDependencies:
    react: ">=16.8 || ^17.0.0 || ^18.0.0"
    react-dom: ">=16.8 || ^17.0.0 || ^18.0.0"
  dependenciesMeta:
    "@emotion/is-prop-valid":
      optional: true
  checksum: 3ba830affd0d7985601ed0c787a2becd846f81a5516ca11dc19c4e782eacfa2931097407574ca4684ac798ea314f49aab0da01148155c5f9244816a3cca41ae6
  languageName: node
  linkType: hard

"framesync@npm:6.0.1":
  version: 6.0.1
  resolution: "framesync@npm:6.0.1"
  dependencies:
    tslib: ^2.1.0
  checksum: a23ebe8f7e20a32c0b99c2f8175b6f07af3ec6316aad52a2316316a6d011d717af8d2175dcc2827031c59fabb30232ed3e19a720a373caba7f070e1eae436325
  languageName: node
  linkType: hard

"graceful-fs@npm:^4.2.4":
  version: 4.2.10
  resolution: "graceful-fs@npm:4.2.10"
  checksum: 3f109d70ae123951905d85032ebeae3c2a5a7a997430df00ea30df0e3a6c60cf6689b109654d6fdacd28810a053348c4d14642da1d075049e6be1ba5216218da
  languageName: node
  linkType: hard

"hey-listen@npm:^1.0.8":
  version: 1.0.8
  resolution: "hey-listen@npm:1.0.8"
  checksum: 6bad60b367688f5348e25e7ca3276a74b59ac5a09b0455e6ff8ab7d4a9e38cd2116c708a7dcd8a954d27253ce1d8717ec891d175723ea739885b828cf44e4072
  languageName: node
  linkType: hard

"humps@npm:^2.0.1":
  version: 2.0.1
  resolution: "humps@npm:2.0.1"
  checksum: 7d5a674cfca2f34c04562f6fd0d129b4c43a5caf85fcc1c9eacf5d0729554c9375db362c4232519b37369c94dd2560d85f96ad4091a8fbf4af4e625ab5214a30
  languageName: node
  linkType: hard

"internmap@npm:^1.0.0":
  version: 1.0.1
  resolution: "internmap@npm:1.0.1"
  checksum: 9d00f8c0cf873a24a53a5a937120dab634c41f383105e066bb318a61864e6292d24eb9516e8e7dccfb4420ec42ca474a0f28ac9a6cc82536898fa09bbbe53813
  languageName: node
  linkType: hard

"js-tokens@npm:^3.0.0 || ^4.0.0":
  version: 4.0.0
  resolution: "js-tokens@npm:4.0.0"
  checksum: 8a95213a5a77deb6cbe94d86340e8d9ace2b93bc367790b260101d2f36a2eaf4e4e22d9fa9cf459b38af3a32fb4190e638024cf82ec95ef708680e405ea7cc78
  languageName: node
  linkType: hard

"lodash@npm:^4.17.21":
  version: 4.17.21
  resolution: "lodash@npm:4.17.21"
  checksum: eb835a2e51d381e561e508ce932ea50a8e5a68f4ebdd771ea240d3048244a8d13658acbd502cd4829768c56f2e16bdd4340b9ea141297d472517b83868e677f7
  languageName: node
  linkType: hard

"loose-envify@npm:^1.0.0, loose-envify@npm:^1.1.0":
  version: 1.4.0
  resolution: "loose-envify@npm:1.4.0"
  dependencies:
    js-tokens: ^3.0.0 || ^4.0.0
  bin:
    loose-envify: cli.js
  checksum: 6517e24e0cad87ec9888f500c5b5947032cdfe6ef65e1c1936a0c48a524b81e65542c9c3edc91c97d5bddc806ee2a985dbc79be89215d613b1de5db6d1cfe6f4
  languageName: node
  linkType: hard

"lottie-web@npm:^5.7.6":
  version: 5.9.2
  resolution: "lottie-web@npm:5.9.2"
  checksum: f9d5352c15afcaaba9c59e50873ee44078dad43cff7072f98374c15428d0925b9667f94b21a2b135f87159aa1cddbd7d4975d6f6e7211d634456a077119d6055
  languageName: node
  linkType: hard

"nanoid@npm:^3.1.30":
  version: 3.3.2
  resolution: "nanoid@npm:3.3.2"
  bin:
    nanoid: bin/nanoid.cjs
  checksum: 376717f0685251fad77850bd84c6b8d57837c71eeb1c05be7c742140cc1835a5a2953562add05166d6dbc8fb65f3fdffa356213037b967a470e1691dc3e7b9cc
  languageName: node
  linkType: hard

"next-compose-plugins@npm:^2.2.1":
  version: 2.2.1
  resolution: "next-compose-plugins@npm:2.2.1"
  checksum: 771762fda2b12b81daf10431cbb494816cff96be02b44009692c6c0eefbacd62cbf51ddb93af8d3380ec00254c6a95d64d10f744d4b9ddadefc21efee7dc69fc
  languageName: node
  linkType: hard

"next-linaria@npm:^0.11.0":
  version: 0.11.0
  resolution: "next-linaria@npm:0.11.0"
  peerDependencies:
    linaria: "*"
  checksum: d60d99fddf580b449c34df4eed7ed58c4ecd2951374affc390c5a7a1aa6d7091cfebbb81d2613caf9d59d69456281349f7a754c7de1e8076c3c2430226a944d5
  languageName: node
  linkType: hard

"next-transpile-modules@npm:^9.0.0":
  version: 9.0.0
  resolution: "next-transpile-modules@npm:9.0.0"
  dependencies:
    enhanced-resolve: ^5.7.0
    escalade: ^3.1.1
  checksum: 9a5d86d80cedc2404b2b1d5bd4994f2f7bf60e5e20f24e8cc5cfec34da1418b4a439916f37a95ca336bcf6d81094c3647354ac6a0c6737b3df59e62b6380507d
  languageName: node
  linkType: hard

"next@npm:latest":
  version: 12.1.4
  resolution: "next@npm:12.1.4"
  dependencies:
    "@next/env": 12.1.4
    "@next/swc-android-arm-eabi": 12.1.4
    "@next/swc-android-arm64": 12.1.4
    "@next/swc-darwin-arm64": 12.1.4
    "@next/swc-darwin-x64": 12.1.4
    "@next/swc-linux-arm-gnueabihf": 12.1.4
    "@next/swc-linux-arm64-gnu": 12.1.4
    "@next/swc-linux-arm64-musl": 12.1.4
    "@next/swc-linux-x64-gnu": 12.1.4
    "@next/swc-linux-x64-musl": 12.1.4
    "@next/swc-win32-arm64-msvc": 12.1.4
    "@next/swc-win32-ia32-msvc": 12.1.4
    "@next/swc-win32-x64-msvc": 12.1.4
    caniuse-lite: ^1.0.30001283
    postcss: 8.4.5
    styled-jsx: 5.0.1
  peerDependencies:
    fibers: ">= 3.1.0"
    node-sass: ^6.0.0 || ^7.0.0
    react: ^17.0.2 || ^18.0.0-0
    react-dom: ^17.0.2 || ^18.0.0-0
    sass: ^1.3.0
  dependenciesMeta:
    "@next/swc-android-arm-eabi":
      optional: true
    "@next/swc-android-arm64":
      optional: true
    "@next/swc-darwin-arm64":
      optional: true
    "@next/swc-darwin-x64":
      optional: true
    "@next/swc-linux-arm-gnueabihf":
      optional: true
    "@next/swc-linux-arm64-gnu":
      optional: true
    "@next/swc-linux-arm64-musl":
      optional: true
    "@next/swc-linux-x64-gnu":
      optional: true
    "@next/swc-linux-x64-musl":
      optional: true
    "@next/swc-win32-arm64-msvc":
      optional: true
    "@next/swc-win32-ia32-msvc":
      optional: true
    "@next/swc-win32-x64-msvc":
      optional: true
  peerDependenciesMeta:
    fibers:
      optional: true
    node-sass:
      optional: true
    sass:
      optional: true
  bin:
    next: dist/bin/next
  checksum: d19354cf4e5bc58473e922c38a5a282de62c0b78bebdd31617b9e958b6f6877bcc2df371b7368db2110e098f87722e084c950f9229d35e4c06842de79cd90d20
  languageName: node
  linkType: hard

"nextjs@workspace:.":
  version: 0.0.0-use.local
  resolution: "nextjs@workspace:."
  dependencies:
    "@cbhq/cds-web": ^0.41.0-alpha.0
    next: latest
    next-compose-plugins: ^2.2.1
    next-linaria: ^0.11.0
    next-transpile-modules: ^9.0.0
    react: 17.0.2
    react-dom: 17.0.2
  languageName: unknown
  linkType: soft

"object-assign@npm:^4.1.1":
  version: 4.1.1
  resolution: "object-assign@npm:4.1.1"
  checksum: fcc6e4ea8c7fe48abfbb552578b1c53e0d194086e2e6bbbf59e0a536381a292f39943c6e9628af05b5528aa5e3318bb30d6b2e53cadaf5b8fe9e12c4b69af23f
  languageName: node
  linkType: hard

"picocolors@npm:^1.0.0":
  version: 1.0.0
  resolution: "picocolors@npm:1.0.0"
  checksum: a2e8092dd86c8396bdba9f2b5481032848525b3dc295ce9b57896f931e63fc16f79805144321f72976383fc249584672a75cc18d6777c6b757603f372f745981
  languageName: node
  linkType: hard

"popmotion@npm:11.0.3":
  version: 11.0.3
  resolution: "popmotion@npm:11.0.3"
  dependencies:
    framesync: 6.0.1
    hey-listen: ^1.0.8
    style-value-types: 5.0.0
    tslib: ^2.1.0
  checksum: 9fe7d03b4ec0e85bfb9dadc23b745147bfe42e16f466ba06e6327197d0e38b72015afc2f918a8051dedc3680310417f346ffdc463be6518e2e92e98f48e30268
  languageName: node
  linkType: hard

"postcss@npm:8.4.5":
  version: 8.4.5
  resolution: "postcss@npm:8.4.5"
  dependencies:
    nanoid: ^3.1.30
    picocolors: ^1.0.0
    source-map-js: ^1.0.1
  checksum: b78abdd89c10f7b48f4bdcd376104a19d6e9c7495ab521729bdb3df315af6c211360e9f06887ad3bc0ab0f61a04b91d68ea11462997c79cced58b9ccd66fac07
  languageName: node
  linkType: hard

"react-dom@npm:17.0.2":
  version: 17.0.2
  resolution: "react-dom@npm:17.0.2"
  dependencies:
    loose-envify: ^1.1.0
    object-assign: ^4.1.1
    scheduler: ^0.20.2
  peerDependencies:
    react: 17.0.2
  checksum: 1c1eaa3bca7c7228d24b70932e3d7c99e70d1d04e13bb0843bbf321582bc25d7961d6b8a6978a58a598af2af496d1cedcfb1bf65f6b0960a0a8161cb8dab743c
  languageName: node
  linkType: hard

"react-fast-compare@npm:^3.0.1":
  version: 3.2.0
  resolution: "react-fast-compare@npm:3.2.0"
  checksum: 8ef272c825ae329f61633ce4ce7f15aa5b84e5214d88bc0823880236e03e985a13195befa2c7a4eda7db3b017dc7985729152d88445823f652403cf36c2b86aa
  languageName: node
  linkType: hard

"react-is@npm:^17.0.2":
  version: 17.0.2
  resolution: "react-is@npm:17.0.2"
  checksum: 9d6d111d8990dc98bc5402c1266a808b0459b5d54830bbea24c12d908b536df7883f268a7868cfaedde3dd9d4e0d574db456f84d2e6df9c4526f99bb4b5344d8
  languageName: node
  linkType: hard

"react-popper@npm:^2.2.4":
  version: 2.2.5
  resolution: "react-popper@npm:2.2.5"
  dependencies:
    react-fast-compare: ^3.0.1
    warning: ^4.0.2
  peerDependencies:
    "@popperjs/core": ^2.0.0
    react: ^16.8.0 || ^17
  checksum: 915fcf08e1da4fd48a200074fcdd936f601ee2173f1e730cfed8a54fd47716aa8bf9cce2392463e3bcbe64a096d0baf463809ed2874b94d3a9d430ae6d817b5d
  languageName: node
  linkType: hard

"react@npm:17.0.2":
  version: 17.0.2
  resolution: "react@npm:17.0.2"
  dependencies:
    loose-envify: ^1.1.0
    object-assign: ^4.1.1
  checksum: b254cc17ce3011788330f7bbf383ab653c6848902d7936a87b09d835d091e3f295f7e9dd1597c6daac5dc80f90e778c8230218ba8ad599f74adcc11e33b9d61b
  languageName: node
  linkType: hard

"reakit-system@npm:^0.15.2":
  version: 0.15.2
  resolution: "reakit-system@npm:0.15.2"
  dependencies:
    reakit-utils: ^0.15.2
  peerDependencies:
    react: ^16.8.0 || ^17.0.0
    react-dom: ^16.8.0 || ^17.0.0
  checksum: 5466ed0414fb2990070c212e1704c0ee1628d49768c24d992e1db914f2a14120a4df24558cbc52f994b2d37e5a986ada89727a7576fa0143231235a801ad6641
  languageName: node
  linkType: hard

"reakit-utils@npm:^0.15.2":
  version: 0.15.2
  resolution: "reakit-utils@npm:0.15.2"
  peerDependencies:
    react: ^16.8.0 || ^17.0.0
    react-dom: ^16.8.0 || ^17.0.0
  checksum: da978e7d0ce9e4db2cc3e5ee158f4a2b7d02320533a42712977bc195c042170a349745206d9d69c2048909b62c4d4a8a7a3514ca6d719a34ad258e390413b9c6
  languageName: node
  linkType: hard

"reakit-warning@npm:^0.6.2":
  version: 0.6.2
  resolution: "reakit-warning@npm:0.6.2"
  dependencies:
    reakit-utils: ^0.15.2
  peerDependencies:
    react: ^16.8.0 || ^17.0.0
  checksum: bc2d21a4619876b3fda6074493e79fc7aca3fdf7e87dc6b59d63f7ed911e44151f268c05aa78fdcce58bf6479ed9529a6f6f448f79f9735cb567b91470c363b4
  languageName: node
  linkType: hard

"reakit@npm:^1.3.6":
  version: 1.3.11
  resolution: "reakit@npm:1.3.11"
  dependencies:
    "@popperjs/core": ^2.5.4
    body-scroll-lock: ^3.1.5
    reakit-system: ^0.15.2
    reakit-utils: ^0.15.2
    reakit-warning: ^0.6.2
  peerDependencies:
    react: ^16.8.0 || ^17.0.0
    react-dom: ^16.8.0 || ^17.0.0
  checksum: b9fecb0aad1ee7b06d573882cd856aa136e91acb20dd7c4fcccfd8fc8e4c20e31c23ff27e86c31f14312c3643692a539c37b6f92e70e7b21b65496b93942ca6a
  languageName: node
  linkType: hard

"scheduler@npm:^0.20.2":
  version: 0.20.2
  resolution: "scheduler@npm:0.20.2"
  dependencies:
    loose-envify: ^1.1.0
    object-assign: ^4.1.1
  checksum: c4b35cf967c8f0d3e65753252d0f260271f81a81e427241295c5a7b783abf4ea9e905f22f815ab66676f5313be0a25f47be582254db8f9241b259213e999b8fc
  languageName: node
  linkType: hard

"source-map-js@npm:^1.0.1":
  version: 1.0.2
  resolution: "source-map-js@npm:1.0.2"
  checksum: c049a7fc4deb9a7e9b481ae3d424cc793cb4845daa690bc5a05d428bf41bf231ced49b4cf0c9e77f9d42fdb3d20d6187619fc586605f5eabe995a316da8d377c
  languageName: node
  linkType: hard

"style-value-types@npm:5.0.0":
  version: 5.0.0
  resolution: "style-value-types@npm:5.0.0"
  dependencies:
    hey-listen: ^1.0.8
    tslib: ^2.1.0
  checksum: 16d198302cd102edf9dba94e7752a2364c93b1eaa5cc7c32b42b28eef4af4ccb5149a3f16bc2a256adc02616a2404f4612bd15f3081c1e8ca06132cae78be6c0
  languageName: node
  linkType: hard

"styled-jsx@npm:5.0.1":
  version: 5.0.1
  resolution: "styled-jsx@npm:5.0.1"
  peerDependencies:
    react: ">= 16.8.0 || 17.x.x || ^18.0.0-0"
  peerDependenciesMeta:
    "@babel/core":
      optional: true
    babel-plugin-macros:
      optional: true
  checksum: b85eb03da76b566065b10911a24396659b45a34efa16eef87ed8ff2ce3ea7b9b6a9c0c92c3b2113f92cbca9ab12496690d72329cb9932759ea98d0386acb38a9
  languageName: node
  linkType: hard

"tapable@npm:^2.2.0":
  version: 2.2.1
  resolution: "tapable@npm:2.2.1"
  checksum: 3b7a1b4d86fa940aad46d9e73d1e8739335efd4c48322cb37d073eb6f80f5281889bf0320c6d8ffcfa1a0dd5bfdbd0f9d037e252ef972aca595330538aac4d51
  languageName: node
  linkType: hard

"tslib@npm:^2.1.0":
  version: 2.3.1
  resolution: "tslib@npm:2.3.1"
  checksum: de17a98d4614481f7fcb5cd53ffc1aaf8654313be0291e1bfaee4b4bb31a20494b7d218ff2e15017883e8ea9626599b3b0e0229c18383ba9dce89da2adf15cb9
  languageName: node
  linkType: hard

"type-fest@npm:^1.2.0":
  version: 1.4.0
  resolution: "type-fest@npm:1.4.0"
  checksum: b011c3388665b097ae6a109a437a04d6f61d81b7357f74cbcb02246f2f5bd72b888ae33631b99871388122ba0a87f4ff1c94078e7119ff22c70e52c0ff828201
  languageName: node
  linkType: hard

"warning@npm:^4.0.2":
  version: 4.0.3
  resolution: "warning@npm:4.0.3"
  dependencies:
    loose-envify: ^1.0.0
  checksum: 4f2cb6a9575e4faf71ddad9ad1ae7a00d0a75d24521c193fa464f30e6b04027bd97aa5d9546b0e13d3a150ab402eda216d59c1d0f2d6ca60124d96cd40dfa35c
  languageName: node
  linkType: hard
